// !$*UTF8*$!
{
	archiveVersion = 1;
	classes = {
	};
	objectVersion = 48;
	objects = {

/* Begin PBXBuildFile section */
		9276A56C1FDD72FC0024E561 /* AppDelegate.swift in Sources */ = {isa = PBXBuildFile; fileRef = 9276A56B1FDD72FC0024E561 /* AppDelegate.swift */; };
		9276A56E1FDD72FD0024E561 /* ViewController.swift in Sources */ = {isa = PBXBuildFile; fileRef = 9276A56D1FDD72FD0024E561 /* ViewController.swift */; };
		9276A5711FDD72FD0024E561 /* Main.storyboard in Resources */ = {isa = PBXBuildFile; fileRef = 9276A56F1FDD72FD0024E561 /* Main.storyboard */; };
		9276A5731FDD72FD0024E561 /* Assets.xcassets in Resources */ = {isa = PBXBuildFile; fileRef = 9276A5721FDD72FD0024E561 /* Assets.xcassets */; };
		9276A5761FDD72FD0024E561 /* LaunchScreen.storyboard in Resources */ = {isa = PBXBuildFile; fileRef = 9276A5741FDD72FD0024E561 /* LaunchScreen.storyboard */; };
		9276A57B1FDD72FD0024E561 /* Contacts WatchKit App.app in Embed Watch Content */ = {isa = PBXBuildFile; fileRef = 9276A57A1FDD72FD0024E561 /* Contacts WatchKit App.app */; };
		9276A5811FDD72FD0024E561 /* Interface.storyboard in Resources */ = {isa = PBXBuildFile; fileRef = 9276A57F1FDD72FD0024E561 /* Interface.storyboard */; };
		9276A5831FDD72FD0024E561 /* Assets.xcassets in Resources */ = {isa = PBXBuildFile; fileRef = 9276A5821FDD72FD0024E561 /* Assets.xcassets */; };
		9276A58A1FDD72FD0024E561 /* Contacts WatchKit Extension.appex in Embed App Extensions */ = {isa = PBXBuildFile; fileRef = 9276A5891FDD72FD0024E561 /* Contacts WatchKit Extension.appex */; settings = {ATTRIBUTES = (RemoveHeadersOnCopy, ); }; };
		9276A5911FDD72FD0024E561 /* ExtensionDelegate.swift in Sources */ = {isa = PBXBuildFile; fileRef = 9276A5901FDD72FD0024E561 /* ExtensionDelegate.swift */; };
		9276A5931FDD72FD0024E561 /* Assets.xcassets in Resources */ = {isa = PBXBuildFile; fileRef = 9276A5921FDD72FD0024E561 /* Assets.xcassets */; };
		9276A5A31FDD9F0E0024E561 /* FriendsInterfaceController.swift in Sources */ = {isa = PBXBuildFile; fileRef = 9276A5A21FDD9F0E0024E561 /* FriendsInterfaceController.swift */; };
		9276A5A51FDDA8F40024E561 /* Friend.swift in Sources */ = {isa = PBXBuildFile; fileRef = 9276A5A41FDDA8F40024E561 /* Friend.swift */; };
		9276A5A71FDDAA7C0024E561 /* FriendDetailInterfaceController.swift in Sources */ = {isa = PBXBuildFile; fileRef = 9276A5A61FDDAA7C0024E561 /* FriendDetailInterfaceController.swift */; };
		9276A5A91FDDAF070024E561 /* FriendRowController.swift in Sources */ = {isa = PBXBuildFile; fileRef = 9276A5A81FDDAF070024E561 /* FriendRowController.swift */; };
/* End PBXBuildFile section */

/* Begin PBXContainerItemProxy section */
		9276A57C1FDD72FD0024E561 /* PBXContainerItemProxy */ = {
			isa = PBXContainerItemProxy;
			containerPortal = 9276A5601FDD72FC0024E561 /* Project object */;
			proxyType = 1;
			remoteGlobalIDString = 9276A5791FDD72FD0024E561;
			remoteInfo = "Contacts WatchKit App";
		};
		9276A58B1FDD72FD0024E561 /* PBXContainerItemProxy */ = {
			isa = PBXContainerItemProxy;
			containerPortal = 9276A5601FDD72FC0024E561 /* Project object */;
			proxyType = 1;
			remoteGlobalIDString = 9276A5881FDD72FD0024E561;
			remoteInfo = "Contacts WatchKit Extension";
		};
/* End PBXContainerItemProxy section */

/* Begin PBXCopyFilesBuildPhase section */
		9276A59A1FDD72FD0024E561 /* Embed App Extensions */ = {
			isa = PBXCopyFilesBuildPhase;
			buildActionMask = 2147483647;
			dstPath = "";
			dstSubfolderSpec = 13;
			files = (
				9276A58A1FDD72FD0024E561 /* Contacts WatchKit Extension.appex in Embed App Extensions */,
			);
			name = "Embed App Extensions";
			runOnlyForDeploymentPostprocessing = 0;
		};
		9276A59E1FDD72FD0024E561 /* Embed Watch Content */ = {
			isa = PBXCopyFilesBuildPhase;
			buildActionMask = 2147483647;
			dstPath = "$(CONTENTS_FOLDER_PATH)/Watch";
			dstSubfolderSpec = 16;
			files = (
				9276A57B1FDD72FD0024E561 /* Contacts WatchKit App.app in Embed Watch Content */,
			);
			name = "Embed Watch Content";
			runOnlyForDeploymentPostprocessing = 0;
		};
/* End PBXCopyFilesBuildPhase section */

/* Begin PBXFileReference section */
		9276A5681FDD72FC0024E561 /* Contacts.app */ = {isa = PBXFileReference; explicitFileType = wrapper.application; includeInIndex = 0; path = Contacts.app; sourceTree = BUILT_PRODUCTS_DIR; };
		9276A56B1FDD72FC0024E561 /* AppDelegate.swift */ = {isa = PBXFileReference; lastKnownFileType = sourcecode.swift; path = AppDelegate.swift; sourceTree = "<group>"; };
		9276A56D1FDD72FD0024E561 /* ViewController.swift */ = {isa = PBXFileReference; lastKnownFileType = sourcecode.swift; path = ViewController.swift; sourceTree = "<group>"; };
		9276A5701FDD72FD0024E561 /* Base */ = {isa = PBXFileReference; lastKnownFileType = file.storyboard; name = Base; path = Base.lproj/Main.storyboard; sourceTree = "<group>"; };
		9276A5721FDD72FD0024E561 /* Assets.xcassets */ = {isa = PBXFileReference; lastKnownFileType = folder.assetcatalog; path = Assets.xcassets; sourceTree = "<group>"; };
		9276A5751FDD72FD0024E561 /* Base */ = {isa = PBXFileReference; lastKnownFileType = file.storyboard; name = Base; path = Base.lproj/LaunchScreen.storyboard; sourceTree = "<group>"; };
		9276A5771FDD72FD0024E561 /* Info.plist */ = {isa = PBXFileReference; lastKnownFileType = text.plist.xml; path = Info.plist; sourceTree = "<group>"; };
		9276A57A1FDD72FD0024E561 /* Contacts WatchKit App.app */ = {isa = PBXFileReference; explicitFileType = wrapper.application; includeInIndex = 0; path = "Contacts WatchKit App.app"; sourceTree = BUILT_PRODUCTS_DIR; };
		9276A5801FDD72FD0024E561 /* Base */ = {isa = PBXFileReference; lastKnownFileType = file.storyboard; name = Base; path = Base.lproj/Interface.storyboard; sourceTree = "<group>"; };
		9276A5821FDD72FD0024E561 /* Assets.xcassets */ = {isa = PBXFileReference; lastKnownFileType = folder.assetcatalog; path = Assets.xcassets; sourceTree = "<group>"; };
		9276A5841FDD72FD0024E561 /* Info.plist */ = {isa = PBXFileReference; lastKnownFileType = text.plist.xml; path = Info.plist; sourceTree = "<group>"; };
		9276A5891FDD72FD0024E561 /* Contacts WatchKit Extension.appex */ = {isa = PBXFileReference; explicitFileType = "wrapper.app-extension"; includeInIndex = 0; path = "Contacts WatchKit Extension.appex"; sourceTree = BUILT_PRODUCTS_DIR; };
		9276A5901FDD72FD0024E561 /* ExtensionDelegate.swift */ = {isa = PBXFileReference; lastKnownFileType = sourcecode.swift; path = ExtensionDelegate.swift; sourceTree = "<group>"; };
		9276A5921FDD72FD0024E561 /* Assets.xcassets */ = {isa = PBXFileReference; lastKnownFileType = folder.assetcatalog; path = Assets.xcassets; sourceTree = "<group>"; };
		9276A5941FDD72FD0024E561 /* Info.plist */ = {isa = PBXFileReference; lastKnownFileType = text.plist.xml; path = Info.plist; sourceTree = "<group>"; };
		9276A5A21FDD9F0E0024E561 /* FriendsInterfaceController.swift */ = {isa = PBXFileReference; lastKnownFileType = sourcecode.swift; path = FriendsInterfaceController.swift; sourceTree = "<group>"; };
		9276A5A41FDDA8F40024E561 /* Friend.swift */ = {isa = PBXFileReference; lastKnownFileType = sourcecode.swift; path = Friend.swift; sourceTree = "<group>"; };
		9276A5A61FDDAA7C0024E561 /* FriendDetailInterfaceController.swift */ = {isa = PBXFileReference; lastKnownFileType = sourcecode.swift; path = FriendDetailInterfaceController.swift; sourceTree = "<group>"; };
		9276A5A81FDDAF070024E561 /* FriendRowController.swift */ = {isa = PBXFileReference; lastKnownFileType = sourcecode.swift; path = FriendRowController.swift; sourceTree = "<group>"; };
/* End PBXFileReference section */

/* Begin PBXFrameworksBuildPhase section */
		9276A5651FDD72FC0024E561 /* Frameworks */ = {
			isa = PBXFrameworksBuildPhase;
			buildActionMask = 2147483647;
			files = (
			);
			runOnlyForDeploymentPostprocessing = 0;
		};
		9276A5861FDD72FD0024E561 /* Frameworks */ = {
			isa = PBXFrameworksBuildPhase;
			buildActionMask = 2147483647;
			files = (
			);
			runOnlyForDeploymentPostprocessing = 0;
		};
/* End PBXFrameworksBuildPhase section */

/* Begin PBXGroup section */
		9276A55F1FDD72FC0024E561 = {
			isa = PBXGroup;
			children = (
				9276A56A1FDD72FC0024E561 /* Contacts */,
				9276A57E1FDD72FD0024E561 /* Contacts WatchKit App */,
				9276A58D1FDD72FD0024E561 /* Contacts WatchKit Extension */,
				9276A5691FDD72FC0024E561 /* Products */,
			);
			sourceTree = "<group>";
		};
		9276A5691FDD72FC0024E561 /* Products */ = {
			isa = PBXGroup;
			children = (
				9276A5681FDD72FC0024E561 /* Contacts.app */,
				9276A57A1FDD72FD0024E561 /* Contacts WatchKit App.app */,
				9276A5891FDD72FD0024E561 /* Contacts WatchKit Extension.appex */,
			);
			name = Products;
			sourceTree = "<group>";
		};
		9276A56A1FDD72FC0024E561 /* Contacts */ = {
			isa = PBXGroup;
			children = (
				9276A56B1FDD72FC0024E561 /* AppDelegate.swift */,
				9276A56D1FDD72FD0024E561 /* ViewController.swift */,
				9276A56F1FDD72FD0024E561 /* Main.storyboard */,
				9276A5721FDD72FD0024E561 /* Assets.xcassets */,
				9276A5741FDD72FD0024E561 /* LaunchScreen.storyboard */,
				9276A5771FDD72FD0024E561 /* Info.plist */,
			);
			path = Contacts;
			sourceTree = "<group>";
		};
		9276A57E1FDD72FD0024E561 /* Contacts WatchKit App */ = {
			isa = PBXGroup;
			children = (
				9276A57F1FDD72FD0024E561 /* Interface.storyboard */,
				9276A5821FDD72FD0024E561 /* Assets.xcassets */,
				9276A5841FDD72FD0024E561 /* Info.plist */,
			);
			path = "Contacts WatchKit App";
			sourceTree = "<group>";
		};
		9276A58D1FDD72FD0024E561 /* Contacts WatchKit Extension */ = {
			isa = PBXGroup;
			children = (
				9276A5901FDD72FD0024E561 /* ExtensionDelegate.swift */,
				9276A5921FDD72FD0024E561 /* Assets.xcassets */,
				9276A5941FDD72FD0024E561 /* Info.plist */,
				9276A5A21FDD9F0E0024E561 /* FriendsInterfaceController.swift */,
				9276A5A41FDDA8F40024E561 /* Friend.swift */,
				9276A5A61FDDAA7C0024E561 /* FriendDetailInterfaceController.swift */,
				9276A5A81FDDAF070024E561 /* FriendRowController.swift */,
			);
			path = "Contacts WatchKit Extension";
			sourceTree = "<group>";
		};
/* End PBXGroup section */

/* Begin PBXNativeTarget section */
		9276A5671FDD72FC0024E561 /* Contacts */ = {
			isa = PBXNativeTarget;
			buildConfigurationList = 9276A59F1FDD72FD0024E561 /* Build configuration list for PBXNativeTarget "Contacts" */;
			buildPhases = (
				9276A5641FDD72FC0024E561 /* Sources */,
				9276A5651FDD72FC0024E561 /* Frameworks */,
				9276A5661FDD72FC0024E561 /* Resources */,
				9276A59E1FDD72FD0024E561 /* Embed Watch Content */,
			);
			buildRules = (
			);
			dependencies = (
				9276A57D1FDD72FD0024E561 /* PBXTargetDependency */,
			);
			name = Contacts;
			productName = Contacts;
			productReference = 9276A5681FDD72FC0024E561 /* Contacts.app */;
			productType = "com.apple.product-type.application";
		};
		9276A5791FDD72FD0024E561 /* Contacts WatchKit App */ = {
			isa = PBXNativeTarget;
			buildConfigurationList = 9276A59B1FDD72FD0024E561 /* Build configuration list for PBXNativeTarget "Contacts WatchKit App" */;
			buildPhases = (
				9276A5781FDD72FD0024E561 /* Resources */,
				9276A59A1FDD72FD0024E561 /* Embed App Extensions */,
			);
			buildRules = (
			);
			dependencies = (
				9276A58C1FDD72FD0024E561 /* PBXTargetDependency */,
			);
			name = "Contacts WatchKit App";
			productName = "Contacts WatchKit App";
			productReference = 9276A57A1FDD72FD0024E561 /* Contacts WatchKit App.app */;
			productType = "com.apple.product-type.application.watchapp2";
		};
		9276A5881FDD72FD0024E561 /* Contacts WatchKit Extension */ = {
			isa = PBXNativeTarget;
			buildConfigurationList = 9276A5971FDD72FD0024E561 /* Build configuration list for PBXNativeTarget "Contacts WatchKit Extension" */;
			buildPhases = (
				9276A5851FDD72FD0024E561 /* Sources */,
				9276A5861FDD72FD0024E561 /* Frameworks */,
				9276A5871FDD72FD0024E561 /* Resources */,
			);
			buildRules = (
			);
			dependencies = (
			);
			name = "Contacts WatchKit Extension";
			productName = "Contacts WatchKit Extension";
			productReference = 9276A5891FDD72FD0024E561 /* Contacts WatchKit Extension.appex */;
			productType = "com.apple.product-type.watchkit2-extension";
		};
/* End PBXNativeTarget section */

/* Begin PBXProject section */
		9276A5601FDD72FC0024E561 /* Project object */ = {
			isa = PBXProject;
			attributes = {
				LastSwiftUpdateCheck = 0910;
				LastUpgradeCheck = 0910;
				ORGANIZATIONNAME = "Thanh Nguyen";
				TargetAttributes = {
					9276A5671FDD72FC0024E561 = {
						CreatedOnToolsVersion = 9.1;
						ProvisioningStyle = Automatic;
					};
					9276A5791FDD72FD0024E561 = {
						CreatedOnToolsVersion = 9.1;
						ProvisioningStyle = Automatic;
					};
					9276A5881FDD72FD0024E561 = {
						CreatedOnToolsVersion = 9.1;
						ProvisioningStyle = Automatic;
					};
				};
			};
			buildConfigurationList = 9276A5631FDD72FC0024E561 /* Build configuration list for PBXProject "Contacts" */;
			compatibilityVersion = "Xcode 8.0";
			developmentRegion = en;
			hasScannedForEncodings = 0;
			knownRegions = (
				en,
				Base,
			);
			mainGroup = 9276A55F1FDD72FC0024E561;
			productRefGroup = 9276A5691FDD72FC0024E561 /* Products */;
			projectDirPath = "";
			projectRoot = "";
			targets = (
				9276A5671FDD72FC0024E561 /* Contacts */,
				9276A5791FDD72FD0024E561 /* Contacts WatchKit App */,
				9276A5881FDD72FD0024E561 /* Contacts WatchKit Extension */,
			);
		};
/* End PBXProject section */

/* Begin PBXResourcesBuildPhase section */
		9276A5661FDD72FC0024E561 /* Resources */ = {
			isa = PBXResourcesBuildPhase;
			buildActionMask = 2147483647;
			files = (
				9276A5761FDD72FD0024E561 /* LaunchScreen.storyboard in Resources */,
				9276A5731FDD72FD0024E561 /* Assets.xcassets in Resources */,
				9276A5711FDD72FD0024E561 /* Main.storyboard in Resources */,
			);
			runOnlyForDeploymentPostprocessing = 0;
		};
		9276A5781FDD72FD0024E561 /* Resources */ = {
			isa = PBXResourcesBuildPhase;
			buildActionMask = 2147483647;
			files = (
				9276A5831FDD72FD0024E561 /* Assets.xcassets in Resources */,
				9276A5811FDD72FD0024E561 /* Interface.storyboard in Resources */,
			);
			runOnlyForDeploymentPostprocessing = 0;
		};
		9276A5871FDD72FD0024E561 /* Resources */ = {
			isa = PBXResourcesBuildPhase;
			buildActionMask = 2147483647;
			files = (
				9276A5931FDD72FD0024E561 /* Assets.xcassets in Resources */,
			);
			runOnlyForDeploymentPostprocessing = 0;
		};
/* End PBXResourcesBuildPhase section */

/* Begin PBXSourcesBuildPhase section */
		9276A5641FDD72FC0024E561 /* Sources */ = {
			isa = PBXSourcesBuildPhase;
			buildActionMask = 2147483647;
			files = (
				9276A56E1FDD72FD0024E561 /* ViewController.swift in Sources */,
				9276A56C1FDD72FC0024E561 /* AppDelegate.swift in Sources */,
			);
			runOnlyForDeploymentPostprocessing = 0;
		};
		9276A5851FDD72FD0024E561 /* Sources */ = {
			isa = PBXSourcesBuildPhase;
			buildActionMask = 2147483647;
			files = (
				9276A5A71FDDAA7C0024E561 /* FriendDetailInterfaceController.swift in Sources */,
				9276A5A91FDDAF070024E561 /* FriendRowController.swift in Sources */,
				9276A5A51FDDA8F40024E561 /* Friend.swift in Sources */,
				9276A5A31FDD9F0E0024E561 /* FriendsInterfaceController.swift in Sources */,
				9276A5911FDD72FD0024E561 /* ExtensionDelegate.swift in Sources */,
			);
			runOnlyForDeploymentPostprocessing = 0;
		};
/* End PBXSourcesBuildPhase section */

/* Begin PBXTargetDependency section */
		9276A57D1FDD72FD0024E561 /* PBXTargetDependency */ = {
			isa = PBXTargetDependency;
			target = 9276A5791FDD72FD0024E561 /* Contacts WatchKit App */;
			targetProxy = 9276A57C1FDD72FD0024E561 /* PBXContainerItemProxy */;
		};
		9276A58C1FDD72FD0024E561 /* PBXTargetDependency */ = {
			isa = PBXTargetDependency;
			target = 9276A5881FDD72FD0024E561 /* Contacts WatchKit Extension */;
			targetProxy = 9276A58B1FDD72FD0024E561 /* PBXContainerItemProxy */;
		};
/* End PBXTargetDependency section */

/* Begin PBXVariantGroup section */
		9276A56F1FDD72FD0024E561 /* Main.storyboard */ = {
			isa = PBXVariantGroup;
			children = (
				9276A5701FDD72FD0024E561 /* Base */,
			);
			name = Main.storyboard;
			sourceTree = "<group>";
		};
		9276A5741FDD72FD0024E561 /* LaunchScreen.storyboard */ = {
			isa = PBXVariantGroup;
			children = (
				9276A5751FDD72FD0024E561 /* Base */,
			);
			name = LaunchScreen.storyboard;
			sourceTree = "<group>";
		};
		9276A57F1FDD72FD0024E561 /* Interface.storyboard */ = {
			isa = PBXVariantGroup;
			children = (
				9276A5801FDD72FD0024E561 /* Base */,
			);
			name = Interface.storyboard;
			sourceTree = "<group>";
		};
/* End PBXVariantGroup section */

/* Begin XCBuildConfiguration section */
		9276A5951FDD72FD0024E561 /* Debug */ = {
			isa = XCBuildConfiguration;
			buildSettings = {
				ALWAYS_SEARCH_USER_PATHS = NO;
				CLANG_ANALYZER_NONNULL = YES;
				CLANG_ANALYZER_NUMBER_OBJECT_CONVERSION = YES_AGGRESSIVE;
				CLANG_CXX_LANGUAGE_STANDARD = "gnu++14";
				CLANG_CXX_LIBRARY = "libc++";
				CLANG_ENABLE_MODULES = YES;
				CLANG_ENABLE_OBJC_ARC = YES;
				CLANG_WARN_BLOCK_CAPTURE_AUTORELEASING = YES;
				CLANG_WARN_BOOL_CONVERSION = YES;
				CLANG_WARN_COMMA = YES;
				CLANG_WARN_CONSTANT_CONVERSION = YES;
				CLANG_WARN_DIRECT_OBJC_ISA_USAGE = YES_ERROR;
				CLANG_WARN_DOCUMENTATION_COMMENTS = YES;
				CLANG_WARN_EMPTY_BODY = YES;
				CLANG_WARN_ENUM_CONVERSION = YES;
				CLANG_WARN_INFINITE_RECURSION = YES;
				CLANG_WARN_INT_CONVERSION = YES;
				CLANG_WARN_NON_LITERAL_NULL_CONVERSION = YES;
				CLANG_WARN_OBJC_LITERAL_CONVERSION = YES;
				CLANG_WARN_OBJC_ROOT_CLASS = YES_ERROR;
				CLANG_WARN_RANGE_LOOP_ANALYSIS = YES;
				CLANG_WARN_STRICT_PROTOTYPES = YES;
				CLANG_WARN_SUSPICIOUS_MOVE = YES;
				CLANG_WARN_UNGUARDED_AVAILABILITY = YES_AGGRESSIVE;
				CLANG_WARN_UNREACHABLE_CODE = YES;
				CLANG_WARN__DUPLICATE_METHOD_MATCH = YES;
				CODE_SIGN_IDENTITY = "iPhone Developer";
				COPY_PHASE_STRIP = NO;
				DEBUG_INFORMATION_FORMAT = dwarf;
				ENABLE_STRICT_OBJC_MSGSEND = YES;
				ENABLE_TESTABILITY = YES;
				GCC_C_LANGUAGE_STANDARD = gnu11;
				GCC_DYNAMIC_NO_PIC = NO;
				GCC_NO_COMMON_BLOCKS = YES;
				GCC_OPTIMIZATION_LEVEL = 0;
				GCC_PREPROCESSOR_DEFINITIONS = (
					"DEBUG=1",
					"$(inherited)",
				);
				GCC_WARN_64_TO_32_BIT_CONVERSION = YES;
				GCC_WARN_ABOUT_RETURN_TYPE = YES_ERROR;
				GCC_WARN_UNDECLARED_SELECTOR = YES;
				GCC_WARN_UNINITIALIZED_AUTOS = YES_AGGRESSIVE;
				GCC_WARN_UNUSED_FUNCTION = YES;
				GCC_WARN_UNUSED_VARIABLE = YES;
				IPHONEOS_DEPLOYMENT_TARGET = 11.1;
				MTL_ENABLE_DEBUG_INFO = YES;
				ONLY_ACTIVE_ARCH = YES;
				SDKROOT = iphoneos;
				SWIFT_ACTIVE_COMPILATION_CONDITIONS = DEBUG;
				SWIFT_OPTIMIZATION_LEVEL = "-Onone";
			};
			name = Debug;
		};
		9276A5961FDD72FD0024E561 /* Release */ = {
			isa = XCBuildConfiguration;
			buildSettings = {
				ALWAYS_SEARCH_USER_PATHS = NO;
				CLANG_ANALYZER_NONNULL = YES;
				CLANG_ANALYZER_NUMBER_OBJECT_CONVERSION = YES_AGGRESSIVE;
				CLANG_CXX_LANGUAGE_STANDARD = "gnu++14";
				CLANG_CXX_LIBRARY = "libc++";
				CLANG_ENABLE_MODULES = YES;
				CLANG_ENABLE_OBJC_ARC = YES;
				CLANG_WARN_BLOCK_CAPTURE_AUTORELEASING = YES;
				CLANG_WARN_BOOL_CONVERSION = YES;
				CLANG_WARN_COMMA = YES;
				CLANG_WARN_CONSTANT_CONVERSION = YES;
				CLANG_WARN_DIRECT_OBJC_ISA_USAGE = YES_ERROR;
				CLANG_WARN_DOCUMENTATION_COMMENTS = YES;
				CLANG_WARN_EMPTY_BODY = YES;
				CLANG_WARN_ENUM_CONVERSION = YES;
				CLANG_WARN_INFINITE_RECURSION = YES;
				CLANG_WARN_INT_CONVERSION = YES;
				CLANG_WARN_NON_LITERAL_NULL_CONVERSION = YES;
				CLANG_WARN_OBJC_LITERAL_CONVERSION = YES;
				CLANG_WARN_OBJC_ROOT_CLASS = YES_ERROR;
				CLANG_WARN_RANGE_LOOP_ANALYSIS = YES;
				CLANG_WARN_STRICT_PROTOTYPES = YES;
				CLANG_WARN_SUSPICIOUS_MOVE = YES;
				CLANG_WARN_UNGUARDED_AVAILABILITY = YES_AGGRESSIVE;
				CLANG_WARN_UNREACHABLE_CODE = YES;
				CLANG_WARN__DUPLICATE_METHOD_MATCH = YES;
				CODE_SIGN_IDENTITY = "iPhone Developer";
				COPY_PHASE_STRIP = NO;
				DEBUG_INFORMATION_FORMAT = "dwarf-with-dsym";
				ENABLE_NS_ASSERTIONS = NO;
				ENABLE_STRICT_OBJC_MSGSEND = YES;
				GCC_C_LANGUAGE_STANDARD = gnu11;
				GCC_NO_COMMON_BLOCKS = YES;
				GCC_WARN_64_TO_32_BIT_CONVERSION = YES;
				GCC_WARN_ABOUT_RETURN_TYPE = YES_ERROR;
				GCC_WARN_UNDECLARED_SELECTOR = YES;
				GCC_WARN_UNINITIALIZED_AUTOS = YES_AGGRESSIVE;
				GCC_WARN_UNUSED_FUNCTION = YES;
				GCC_WARN_UNUSED_VARIABLE = YES;
				IPHONEOS_DEPLOYMENT_TARGET = 11.1;
				MTL_ENABLE_DEBUG_INFO = NO;
				SDKROOT = iphoneos;
				SWIFT_OPTIMIZATION_LEVEL = "-Owholemodule";
				VALIDATE_PRODUCT = YES;
			};
			name = Release;
		};
		9276A5981FDD72FD0024E561 /* Debug */ = {
			isa = XCBuildConfiguration;
			buildSettings = {
				ASSETCATALOG_COMPILER_COMPLICATION_NAME = Complication;
				CODE_SIGN_STYLE = Automatic;
				INFOPLIST_FILE = "Contacts WatchKit Extension/Info.plist";
				LD_RUNPATH_SEARCH_PATHS = "$(inherited) @executable_path/Frameworks @executable_path/../../Frameworks";
				PRODUCT_BUNDLE_IDENTIFIER = com.thanhfnx.Contacts.watchkitapp.watchkitextension;
				PRODUCT_NAME = "${TARGET_NAME}";
				SDKROOT = watchos;
				SKIP_INSTALL = YES;
				SWIFT_VERSION = 4.0;
				TARGETED_DEVICE_FAMILY = 4;
				WATCHOS_DEPLOYMENT_TARGET = 4.1;
			};
			name = Debug;
		};
		9276A5991FDD72FD0024E561 /* Release */ = {
			isa = XCBuildConfiguration;
			buildSettings = {
				ASSETCATALOG_COMPILER_COMPLICATION_NAME = Complication;
				CODE_SIGN_STYLE = Automatic;
				INFOPLIST_FILE = "Contacts WatchKit Extension/Info.plist";
				LD_RUNPATH_SEARCH_PATHS = "$(inherited) @executable_path/Frameworks @executable_path/../../Frameworks";
				PRODUCT_BUNDLE_IDENTIFIER = com.thanhfnx.Contacts.watchkitapp.watchkitextension;
				PRODUCT_NAME = "${TARGET_NAME}";
				SDKROOT = watchos;
				SKIP_INSTALL = YES;
				SWIFT_VERSION = 4.0;
				TARGETED_DEVICE_FAMILY = 4;
				WATCHOS_DEPLOYMENT_TARGET = 4.1;
			};
			name = Release;
		};
		9276A59C1FDD72FD0024E561 /* Debug */ = {
			isa = XCBuildConfiguration;
			buildSettings = {
				ALWAYS_EMBED_SWIFT_STANDARD_LIBRARIES = YES;
				ASSETCATALOG_COMPILER_APPICON_NAME = AppIcon;
				CODE_SIGN_STYLE = Automatic;
				IBSC_MODULE = Contacts_WatchKit_Extension;
				INFOPLIST_FILE = "Contacts WatchKit App/Info.plist";
				PRODUCT_BUNDLE_IDENTIFIER = com.thanhfnx.Contacts.watchkitapp;
				PRODUCT_NAME = "$(TARGET_NAME)";
				SDKROOT = watchos;
				SKIP_INSTALL = YES;
				SWIFT_VERSION = 4.0;
				TARGETED_DEVICE_FAMILY = 4;
				WATCHOS_DEPLOYMENT_TARGET = 4.1;
			};
			name = Debug;
		};
		9276A59D1FDD72FD0024E561 /* Release */ = {
			isa = XCBuildConfiguration;
			buildSettings = {
				ALWAYS_EMBED_SWIFT_STANDARD_LIBRARIES = YES;
				ASSETCATALOG_COMPILER_APPICON_NAME = AppIcon;
				CODE_SIGN_STYLE = Automatic;
				IBSC_MODULE = Contacts_WatchKit_Extension;
				INFOPLIST_FILE = "Contacts WatchKit App/Info.plist";
				PRODUCT_BUNDLE_IDENTIFIER = com.thanhfnx.Contacts.watchkitapp;
				PRODUCT_NAME = "$(TARGET_NAME)";
				SDKROOT = watchos;
				SKIP_INSTALL = YES;
				SWIFT_VERSION = 4.0;
				TARGETED_DEVICE_FAMILY = 4;
				WATCHOS_DEPLOYMENT_TARGET = 4.1;
			};
			name = Release;
		};
		9276A5A01FDD72FD0024E561 /* Debug */ = {
			isa = XCBuildConfiguration;
			buildSettings = {
				ASSETCATALOG_COMPILER_APPICON_NAME = AppIcon;
				CODE_SIGN_STYLE = Automatic;
				INFOPLIST_FILE = Contacts/Info.plist;
				LD_RUNPATH_SEARCH_PATHS = "$(inherited) @executable_path/Frameworks";
				PRODUCT_BUNDLE_IDENTIFIER = com.thanhfnx.Contacts;
				PRODUCT_NAME = "$(TARGET_NAME)";
				SWIFT_VERSION = 4.0;
				TARGETED_DEVICE_FAMILY = "1,2";
			};
			name = Debug;
		};
		9276A5A11FDD72FD0024E561 /* Release */ = {
			isa = XCBuildConfiguration;
			buildSettings = {
				ASSETCATALOG_COMPILER_APPICON_NAME = AppIcon;
				CODE_SIGN_STYLE = Automatic;
				INFOPLIST_FILE = Contacts/Info.plist;
				LD_RUNPATH_SEARCH_PATHS = "$(inherited) @executable_path/Frameworks";
				PRODUCT_BUNDLE_IDENTIFIER = com.thanhfnx.Contacts;
				PRODUCT_NAME = "$(TARGET_NAME)";
				SWIFT_VERSION = 4.0;
				TARGETED_DEVICE_FAMILY = "1,2";
			};
			name = Release;
		};
/* End XCBuildConfiguration section */

/* Begin XCConfigurationList section */
		9276A5631FDD72FC0024E561 /* Build configuration list for PBXProject "Contacts" */ = {
			isa = XCConfigurationList;
			buildConfigurations = (
				9276A5951FDD72FD0024E561 /* Debug */,
				9276A5961FDD72FD0024E561 /* Release */,
			);
			defaultConfigurationIsVisible = 0;
			defaultConfigurationName = Release;
		};
		9276A5971FDD72FD0024E561 /* Build configuration list for PBXNativeTarget "Contacts WatchKit Extension" */ = {
			isa = XCConfigurationList;
			buildConfigurations = (
				9276A5981FDD72FD0024E561 /* Debug */,
				9276A5991FDD72FD0024E561 /* Release */,
			);
			defaultConfigurationIsVisible = 0;
			defaultConfigurationName = Release;
		};
		9276A59B1FDD72FD0024E561 /* Build configuration list for PBXNativeTarget "Contacts WatchKit App" */ = {
			isa = XCConfigurationList;
			buildConfigurations = (
				9276A59C1FDD72FD0024E561 /* Debug */,
				9276A59D1FDD72FD0024E561 /* Release */,
			);
			defaultConfigurationIsVisible = 0;
			defaultConfigurationName = Release;
		};
		9276A59F1FDD72FD0024E561 /* Build configuration list for PBXNativeTarget "Contacts" */ = {
			isa = XCConfigurationList;
			buildConfigurations = (
				9276A5A01FDD72FD0024E561 /* Debug */,
				9276A5A11FDD72FD0024E561 /* Release */,
			);
			defaultConfigurationIsVisible = 0;
			defaultConfigurationName = Release;
		};
/* End XCConfigurationList section */
	};
	rootObject = 9276A5601FDD72FC0024E561 /* Project object */;
}
